github.com/google/uuid v1.6.0 h1:NIvaJDMOsjHA8n1jAhLSgzrAzy1Hgr+hNrb57e+94F0=
github.com/google/uuid v1.6.0/go.mod h1:TIyPZe4MgqvfeYDBFedMoGGpEw/LqOeaOT+nhxU+yHo=
github.com/maxence-charriere/go-app/v11 v11.0.5 h1:2pbM2MZyDRppY67d+NG66Es6cbHB6IfMrSmE2rAGI9s=
github.com/maxence-charriere/go-app/v11 v11.0.5/go.mod h1:03mGNjBIo1LJq9VGPxOcmBFAv/sNL2GIF5LxCV3BRgA=
github.com/yuin/goldmark v1.8.6 h1:d0VcaP1sx9GkFVkoW+KtggpGi2KZ965i14b0+bDQST4=
github.com/yuin/goldmark v1.8.6/go.mod h1:ip/1k0VRfGynBgxOz0yCqHrbZXhcjxyuS66Brc7iBKg=
